
Microsoft Visual Studio Solution File, Format Version 12.00
# Visual Studio Version 16
VisualStudioVersion = 16.0.30011.22
MinimumVisualStudioVersion = 10.0.40219.1
Project("{FAE04EC0-301F-11D3-BF4B-00C04F79EFBC}") = "AssignmentBy192444U", "AssignmentBy192444U\AssignmentBy192444U.csproj", "{639A0EEA-643E-4032-9CCE-B9EFFB0DEF2C}"
EndProject
Global
	GlobalSection(SolutionConfigurationPlatforms) = preSolution
		Debug|Any CPU = Debug|Any CPU
		Release|Any CPU = Release|Any CPU
	EndGlobalSection
	GlobalSection(ProjectConfigurationPlatforms) = postSolution
		{639A0EEA-643E-4032-9CCE-B9EFFB0DEF2C}.Debug|Any CPU.ActiveCfg = Debug|Any CPU
		{639A0EEA-643E-4032-9CCE-B9EFFB0DEF2C}.Debug|Any CPU.Build.0 = Debug|Any CPU
		{639A0EEA-643E-4032-9CCE-B9EFFB0DEF2C}.Release|Any CPU.ActiveCfg = Release|Any CPU
		{639A0EEA-643E-4032-9CCE-B9EFFB0DEF2C}.Release|Any CPU.Build.0 = Release|Any CPU
	EndGlobalSection
	GlobalSection(SolutionProperties) = preSolution
		HideSolutionNode = FALSE
	EndGlobalSection
	GlobalSection(ExtensibilityGlobals) = postSolution
		SolutionGuid = {5846D805-3200-48FE-BB09-AA6BF49F80C3}
	EndGlobalSection
EndGlobal
